
Microsoft Visual Studio Solution File, Format Version 12.00
# Visual Studio Version 16
VisualStudioVersion = 16.0.30114.105
MinimumVisualStudioVersion = 10.0.40219.1
Project("{FAE04EC0-301F-11D3-BF4B-00C04F79EFBC}") = "Db4oLeague", "Db4oLeague\Db4oLeague.csproj", "{61673B51-DEA4-43B6-9DAB-9FE2FC884DF2}"
EndProject
Global
	GlobalSection(SolutionConfigurationPlatforms) = preSolution
		Debug|Any CPU = Debug|Any CPU
		Release|Any CPU = Release|Any CPU
	EndGlobalSection
	GlobalSection(ProjectConfigurationPlatforms) = postSolution
		{61673B51-DEA4-43B6-9DAB-9FE2FC884DF2}.Debug|Any CPU.ActiveCfg = Debug|Any CPU
		{61673B51-DEA4-43B6-9DAB-9FE2FC884DF2}.Debug|Any CPU.Build.0 = Debug|Any CPU
		{61673B51-DEA4-43B6-9DAB-9FE2FC884DF2}.Release|Any CPU.ActiveCfg = Release|Any CPU
		{61673B51-DEA4-43B6-9DAB-9FE2FC884DF2}.Release|Any CPU.Build.0 = Release|Any CPU
	EndGlobalSection
	GlobalSection(SolutionProperties) = preSolution
		HideSolutionNode = FALSE
	EndGlobalSection
	GlobalSection(ExtensibilityGlobals) = postSolution
		SolutionGuid = {7BBC6B35-BF07-4CC5-A529-C1756A3E0924}
	EndGlobalSection
EndGlobal
